
Microsoft Visual Studio Solution File, Format Version 12.00
# Visual Studio Version 17
VisualStudioVersion = 17.6.33617.297
MinimumVisualStudioVersion = 10.0.40219.1
Project("{FAE04EC0-301F-11D3-BF4B-00C04F79EFBC}") = "BlazorApp1", "BlazorApp1\BlazorApp1.csproj", "{86871CBD-D6CA-472F-80FC-061CE6280756}"
EndProject
Global
	GlobalSection(SolutionConfigurationPlatforms) = preSolution
		Debug|Any CPU = Debug|Any CPU
		Release|Any CPU = Release|Any CPU
	EndGlobalSection
	GlobalSection(ProjectConfigurationPlatforms) = postSolution
		{86871CBD-D6CA-472F-80FC-061CE6280756}.Debug|Any CPU.ActiveCfg = Debug|Any CPU
		{86871CBD-D6CA-472F-80FC-061CE6280756}.Debug|Any CPU.Build.0 = Debug|Any CPU
		{86871CBD-D6CA-472F-80FC-061CE6280756}.Release|Any CPU.ActiveCfg = Release|Any CPU
		{86871CBD-D6CA-472F-80FC-061CE6280756}.Release|Any CPU.Build.0 = Release|Any CPU
	EndGlobalSection
	GlobalSection(SolutionProperties) = preSolution
		HideSolutionNode = FALSE
	EndGlobalSection
	GlobalSection(ExtensibilityGlobals) = postSolution
		SolutionGuid = {1253062F-AABE-48DE-A4CA-190B2FC36557}
	EndGlobalSection
EndGlobal
